
Microsoft Visual Studio Solution File, Format Version 12.00
# Visual Studio Version 17
VisualStudioVersion = 17.6.33801.468
MinimumVisualStudioVersion = 10.0.40219.1
Project("{8BC9CEB8-8B4A-11D0-8D11-00A0C91BC942}") = "Games from book", "Games from book\Games from book.vcxproj", "{61497EF6-8726-40BE-9500-6BA799283C99}"
EndProject
Global
	GlobalSection(SolutionConfigurationPlatforms) = preSolution
		Debug|x64 = Debug|x64
		Debug|x86 = Debug|x86
		Release|x64 = Release|x64
		Release|x86 = Release|x86
	EndGlobalSection
	GlobalSection(ProjectConfigurationPlatforms) = postSolution
		{61497EF6-8726-40BE-9500-6BA799283C99}.Debug|x64.ActiveCfg = Debug|x64
		{61497EF6-8726-40BE-9500-6BA799283C99}.Debug|x64.Build.0 = Debug|x64
		{61497EF6-8726-40BE-9500-6BA799283C99}.Debug|x86.ActiveCfg = Debug|Win32
		{61497EF6-8726-40BE-9500-6BA799283C99}.Debug|x86.Build.0 = Debug|Win32
		{61497EF6-8726-40BE-9500-6BA799283C99}.Release|x64.ActiveCfg = Release|x64
		{61497EF6-8726-40BE-9500-6BA799283C99}.Release|x64.Build.0 = Release|x64
		{61497EF6-8726-40BE-9500-6BA799283C99}.Release|x86.ActiveCfg = Release|Win32
		{61497EF6-8726-40BE-9500-6BA799283C99}.Release|x86.Build.0 = Release|Win32
	EndGlobalSection
	GlobalSection(SolutionProperties) = preSolution
		HideSolutionNode = FALSE
	EndGlobalSection
	GlobalSection(ExtensibilityGlobals) = postSolution
		SolutionGuid = {A9D0D01F-3D88-4C4D-B6B4-9D50FF75B746}
	EndGlobalSection
EndGlobal
